
Microsoft Visual Studio Solution File, Format Version 12.00
# Visual Studio Version 16
VisualStudioVersion = 16.0.29306.81
MinimumVisualStudioVersion = 10.0.40219.1
Project("{FAE04EC0-301F-11D3-BF4B-00C04F79EFBC}") = "VideoGame Store", "VideoGame Store\VideoGame Store.csproj", "{B6484C1B-16A5-4FCB-A9A2-828EFB57A1FB}"
EndProject
Global
	GlobalSection(SolutionConfigurationPlatforms) = preSolution
		Debug|Any CPU = Debug|Any CPU
		Release|Any CPU = Release|Any CPU
	EndGlobalSection
	GlobalSection(ProjectConfigurationPlatforms) = postSolution
		{B6484C1B-16A5-4FCB-A9A2-828EFB57A1FB}.Debug|Any CPU.ActiveCfg = Debug|Any CPU
		{B6484C1B-16A5-4FCB-A9A2-828EFB57A1FB}.Debug|Any CPU.Build.0 = Debug|Any CPU
		{B6484C1B-16A5-4FCB-A9A2-828EFB57A1FB}.Release|Any CPU.ActiveCfg = Release|Any CPU
		{B6484C1B-16A5-4FCB-A9A2-828EFB57A1FB}.Release|Any CPU.Build.0 = Release|Any CPU
	EndGlobalSection
	GlobalSection(SolutionProperties) = preSolution
		HideSolutionNode = FALSE
	EndGlobalSection
	GlobalSection(ExtensibilityGlobals) = postSolution
		SolutionGuid = {FCF3E3A0-FEEC-4A1A-9913-5CC1F46B8775}
	EndGlobalSection
EndGlobal
